
Microsoft Visual Studio Solution File, Format Version 12.00
# Visual Studio Version 17
VisualStudioVersion = 17.2.32616.157
MinimumVisualStudioVersion = 10.0.40219.1
Project("{FAE04EC0-301F-11D3-BF4B-00C04F79EFBC}") = "OVModel", "OVModel\OVModel.csproj", "{6057645D-F723-48F6-B630-828308F2C139}"
EndProject
Global
	GlobalSection(SolutionConfigurationPlatforms) = preSolution
		Debug|Any CPU = Debug|Any CPU
		Release|Any CPU = Release|Any CPU
	EndGlobalSection
	GlobalSection(ProjectConfigurationPlatforms) = postSolution
		{6057645D-F723-48F6-B630-828308F2C139}.Debug|Any CPU.ActiveCfg = Debug|Any CPU
		{6057645D-F723-48F6-B630-828308F2C139}.Debug|Any CPU.Build.0 = Debug|Any CPU
		{6057645D-F723-48F6-B630-828308F2C139}.Release|Any CPU.ActiveCfg = Release|Any CPU
		{6057645D-F723-48F6-B630-828308F2C139}.Release|Any CPU.Build.0 = Release|Any CPU
	EndGlobalSection
	GlobalSection(SolutionProperties) = preSolution
		HideSolutionNode = FALSE
	EndGlobalSection
	GlobalSection(ExtensibilityGlobals) = postSolution
		SolutionGuid = {07488D39-F605-474E-913B-B8E2282B9EA9}
	EndGlobalSection
EndGlobal
